
Microsoft Visual Studio Solution File, Format Version 12.00
# Visual Studio Version 17
VisualStudioVersion = 17.2.32427.441
MinimumVisualStudioVersion = 10.0.40219.1
Project("{9A19103F-16F7-4668-BE54-9A1E7A4F7556}") = "AuthServer", "AuthServer\AuthServer.csproj", "{0D20AA5E-962A-49BA-A0C2-9CA44AB49A75}"
EndProject
Project("{FAE04EC0-301F-11D3-BF4B-00C04F79EFBC}") = "AuthServer.BlazorServer", "AuthServer.BlazorServer\AuthServer.BlazorServer.csproj", "{31C59173-BAF9-4DD3-BF09-4F8AE3A96802}"
EndProject
Global
	GlobalSection(SolutionConfigurationPlatforms) = preSolution
		Debug|Any CPU = Debug|Any CPU
		Release|Any CPU = Release|Any CPU
	EndGlobalSection
	GlobalSection(ProjectConfigurationPlatforms) = postSolution
		{0D20AA5E-962A-49BA-A0C2-9CA44AB49A75}.Debug|Any CPU.ActiveCfg = Debug|Any CPU
		{0D20AA5E-962A-49BA-A0C2-9CA44AB49A75}.Debug|Any CPU.Build.0 = Debug|Any CPU
		{0D20AA5E-962A-49BA-A0C2-9CA44AB49A75}.Release|Any CPU.ActiveCfg = Release|Any CPU
		{0D20AA5E-962A-49BA-A0C2-9CA44AB49A75}.Release|Any CPU.Build.0 = Release|Any CPU
		{31C59173-BAF9-4DD3-BF09-4F8AE3A96802}.Debug|Any CPU.ActiveCfg = Debug|Any CPU
		{31C59173-BAF9-4DD3-BF09-4F8AE3A96802}.Debug|Any CPU.Build.0 = Debug|Any CPU
		{31C59173-BAF9-4DD3-BF09-4F8AE3A96802}.Release|Any CPU.ActiveCfg = Release|Any CPU
		{31C59173-BAF9-4DD3-BF09-4F8AE3A96802}.Release|Any CPU.Build.0 = Release|Any CPU
	EndGlobalSection
	GlobalSection(SolutionProperties) = preSolution
		HideSolutionNode = FALSE
	EndGlobalSection
	GlobalSection(ExtensibilityGlobals) = postSolution
		SolutionGuid = {4E695792-7B0C-4AB6-9B1C-793AE0147AD2}
	EndGlobalSection
EndGlobal
